
Microsoft Visual Studio Solution File, Format Version 12.00
# Visual Studio Version 18
VisualStudioVersion = 18.4.11605.240 stable
MinimumVisualStudioVersion = 10.0.40219.1
Project("{8BC9CEB8-8B4A-11D0-8D11-00A0C91BC942}") = "TL", "TL\TL.vcxproj", "{873E8DD8-0415-4ECF-83B5-CED0E4C18F59}"
EndProject
Project("{8BC9CEB8-8B4A-11D0-8D11-00A0C91BC942}") = "注入器", "注入器\注入器.vcxproj", "{40237299-71E0-4565-B7C6-FEE13DC25B89}"
	ProjectSection(ProjectDependencies) = postProject
		{873E8DD8-0415-4ECF-83B5-CED0E4C18F59} = {873E8DD8-0415-4ECF-83B5-CED0E4C18F59}
	EndProjectSection
EndProject
Global
	GlobalSection(SolutionConfigurationPlatforms) = preSolution
		Debug|x64 = Debug|x64
		Debug|x86 = Debug|x86
		Release|x64 = Release|x64
		Release|x86 = Release|x86
	EndGlobalSection
	GlobalSection(ProjectConfigurationPlatforms) = postSolution
		{873E8DD8-0415-4ECF-83B5-CED0E4C18F59}.Debug|x64.ActiveCfg = Release|x64
		{873E8DD8-0415-4ECF-83B5-CED0E4C18F59}.Debug|x64.Build.0 = Release|x64
		{873E8DD8-0415-4ECF-83B5-CED0E4C18F59}.Debug|x86.ActiveCfg = Debug|Win32
		{873E8DD8-0415-4ECF-83B5-CED0E4C18F59}.Release|x64.ActiveCfg = Release|x64
		{873E8DD8-0415-4ECF-83B5-CED0E4C18F59}.Release|x64.Build.0 = Release|x64
		{873E8DD8-0415-4ECF-83B5-CED0E4C18F59}.Release|x86.ActiveCfg = Release|Win32
		{873E8DD8-0415-4ECF-83B5-CED0E4C18F59}.Release|x86.Build.0 = Release|Win32
		{40237299-71E0-4565-B7C6-FEE13DC25B89}.Debug|x64.ActiveCfg = Release|x64
		{40237299-71E0-4565-B7C6-FEE13DC25B89}.Debug|x64.Build.0 = Release|x64
		{40237299-71E0-4565-B7C6-FEE13DC25B89}.Debug|x86.ActiveCfg = Debug|Win32
		{40237299-71E0-4565-B7C6-FEE13DC25B89}.Release|x64.ActiveCfg = Release|x64
		{40237299-71E0-4565-B7C6-FEE13DC25B89}.Release|x64.Build.0 = Release|x64
		{40237299-71E0-4565-B7C6-FEE13DC25B89}.Release|x86.ActiveCfg = Release|Win32
		{40237299-71E0-4565-B7C6-FEE13DC25B89}.Release|x86.Build.0 = Release|Win32
	EndGlobalSection
	GlobalSection(SolutionProperties) = preSolution
		HideSolutionNode = FALSE
	EndGlobalSection
	GlobalSection(ExtensibilityGlobals) = postSolution
		SolutionGuid = {AFBEE002-1DB4-4B5B-AD27-F6B884C36D1A}
	EndGlobalSection
EndGlobal
